
Microsoft Visual Studio Solution File, Format Version 12.00
# Visual Studio Version 17
VisualStudioVersion = 17.3.32929.385
MinimumVisualStudioVersion = 10.0.40219.1
Project("{FAE04EC0-301F-11D3-BF4B-00C04F79EFBC}") = "WebPasajero", "WebPasajero\WebPasajero.csproj", "{097A770D-8249-44B8-BDF3-6D9245A370C3}"
EndProject
Global
	GlobalSection(SolutionConfigurationPlatforms) = preSolution
		Debug|Any CPU = Debug|Any CPU
		Release|Any CPU = Release|Any CPU
	EndGlobalSection
	GlobalSection(ProjectConfigurationPlatforms) = postSolution
		{097A770D-8249-44B8-BDF3-6D9245A370C3}.Debug|Any CPU.ActiveCfg = Debug|Any CPU
		{097A770D-8249-44B8-BDF3-6D9245A370C3}.Debug|Any CPU.Build.0 = Debug|Any CPU
		{097A770D-8249-44B8-BDF3-6D9245A370C3}.Release|Any CPU.ActiveCfg = Release|Any CPU
		{097A770D-8249-44B8-BDF3-6D9245A370C3}.Release|Any CPU.Build.0 = Release|Any CPU
	EndGlobalSection
	GlobalSection(SolutionProperties) = preSolution
		HideSolutionNode = FALSE
	EndGlobalSection
	GlobalSection(ExtensibilityGlobals) = postSolution
		SolutionGuid = {3D61DBC5-B2C3-4885-B233-2A329BA574DC}
	EndGlobalSection
EndGlobal
